github.com/zhassymov/please v0.0.1 h1:pKJYx810cNd2aGrVetRf6qMrfACItAWvjHRhrYOGrFs=
github.com/zhassymov/please v0.0.1/go.mod h1:HjCo331D8oz4itKBZou4LmG+EMGvr+FZEG5+mwe19Rs=
github.com/zhassymov/please v0.0.2 h1:hM2jlwj3xRzVSKnaFYtSi+UkUterCwh2T47KLzaexWg=
github.com/zhassymov/please v0.0.2/go.mod h1:HjCo331D8oz4itKBZou4LmG+EMGvr+FZEG5+mwe19Rs=
